dependencies:
- name: external-dns
  repository: https://kubernetes-charts.storage.googleapis.com
  version: 1.0.2
- name: cert-manager
  repository: https://kubernetes-charts.storage.googleapis.com
  version: v0.5.2
- name: prometheus
  repository: https://kubernetes-charts.storage.googleapis.com
  version: 7.4.5
- name: grafana
  repository: https://kubernetes-charts.storage.googleapis.com
  version: 1.18.0
- name: fluentd-elasticsearch
  repository: https://kubernetes-charts.storage.googleapis.com
  version: 1.3.0
- name: elasticsearch
  repository: https://kubernetes-charts.storage.googleapis.com
  version: 1.14.1
- name: kibana
  repository: https://kubernetes-charts.storage.googleapis.com
  version: 0.20.0
digest: sha256:1bf4b0af78ba7b2a9c8c8ab5cee00413dc5733b6950dd4b310f30a722bf37b38
generated: 2018-11-28T08:08:24.728546308-05:00
